
Microsoft Visual Studio Solution File, Format Version 12.00
# Visual Studio Version 17
VisualStudioVersion = 17.5.33414.496
MinimumVisualStudioVersion = 10.0.40219.1
Project("{9A19103F-16F7-4668-BE54-9A1E7A4F7556}") = "AtomicGoons", "AtomicGoons.csproj", "{1850E9B2-020C-4661-BB6A-BEE69B2C4FEE}"
EndProject
Global
	GlobalSection(SolutionConfigurationPlatforms) = preSolution
		Debug|Any CPU = Debug|Any CPU
		Release|Any CPU = Release|Any CPU
	EndGlobalSection
	GlobalSection(ProjectConfigurationPlatforms) = postSolution
		{1850E9B2-020C-4661-BB6A-BEE69B2C4FEE}.Debug|Any CPU.ActiveCfg = Debug|Any CPU
		{1850E9B2-020C-4661-BB6A-BEE69B2C4FEE}.Debug|Any CPU.Build.0 = Debug|Any CPU
		{1850E9B2-020C-4661-BB6A-BEE69B2C4FEE}.Release|Any CPU.ActiveCfg = Release|Any CPU
		{1850E9B2-020C-4661-BB6A-BEE69B2C4FEE}.Release|Any CPU.Build.0 = Release|Any CPU
	EndGlobalSection
	GlobalSection(SolutionProperties) = preSolution
		HideSolutionNode = FALSE
	EndGlobalSection
	GlobalSection(ExtensibilityGlobals) = postSolution
		SolutionGuid = {3FF77E0E-18C1-499E-80F4-D84E484361FF}
	EndGlobalSection
EndGlobal
