
Microsoft Visual Studio Solution File, Format Version 12.00
Project("{FAE04EC0-301F-11D3-BF4B-00C04F79EFBC}") = "AtomicGoonsNet", "AtomicGoonsNet\AtomicGoonsNet.csproj", "{510FB17D-2D94-4030-9B45-0462892ED701}"
EndProject
Global
	GlobalSection(SolutionConfigurationPlatforms) = preSolution
		Debug|Any CPU = Debug|Any CPU
		Release|Any CPU = Release|Any CPU
	EndGlobalSection
	GlobalSection(ProjectConfigurationPlatforms) = postSolution
		{510FB17D-2D94-4030-9B45-0462892ED701}.Debug|Any CPU.ActiveCfg = Debug|Any CPU
		{510FB17D-2D94-4030-9B45-0462892ED701}.Debug|Any CPU.Build.0 = Debug|Any CPU
		{510FB17D-2D94-4030-9B45-0462892ED701}.Release|Any CPU.ActiveCfg = Release|Any CPU
		{510FB17D-2D94-4030-9B45-0462892ED701}.Release|Any CPU.Build.0 = Release|Any CPU
	EndGlobalSection
EndGlobal
